
Microsoft Visual Studio Solution File, Format Version 12.00
# Visual Studio Version 16
VisualStudioVersion = 16.0.31729.503
MinimumVisualStudioVersion = 10.0.40219.1
Project("{FAE04EC0-301F-11D3-BF4B-00C04F79EFBC}") = "CA-1", "CA-1\CA-1.csproj", "{851A0651-4DD0-497B-80A6-2CDC6890F29C}"
EndProject
Global
	GlobalSection(SolutionConfigurationPlatforms) = preSolution
		Debug|Any CPU = Debug|Any CPU
		Release|Any CPU = Release|Any CPU
	EndGlobalSection
	GlobalSection(ProjectConfigurationPlatforms) = postSolution
		{851A0651-4DD0-497B-80A6-2CDC6890F29C}.Debug|Any CPU.ActiveCfg = Debug|Any CPU
		{851A0651-4DD0-497B-80A6-2CDC6890F29C}.Debug|Any CPU.Build.0 = Debug|Any CPU
		{851A0651-4DD0-497B-80A6-2CDC6890F29C}.Release|Any CPU.ActiveCfg = Release|Any CPU
		{851A0651-4DD0-497B-80A6-2CDC6890F29C}.Release|Any CPU.Build.0 = Release|Any CPU
	EndGlobalSection
	GlobalSection(SolutionProperties) = preSolution
		HideSolutionNode = FALSE
	EndGlobalSection
	GlobalSection(ExtensibilityGlobals) = postSolution
		SolutionGuid = {27992A40-99DB-4EA8-85D3-352DB06D7002}
	EndGlobalSection
EndGlobal
